
Microsoft Visual Studio Solution File, Format Version 12.00
# Visual Studio Version 16
VisualStudioVersion = 16.0.30523.141
MinimumVisualStudioVersion = 10.0.40219.1
Project("{9A19103F-16F7-4668-BE54-9A1E7A4F7556}") = "Projeto.Contabilidade", "Projeto.Contabilidade.csproj", "{7876622B-1E5D-44A5-91A5-AE1B6E9591EA}"
EndProject
Project("{9A19103F-16F7-4668-BE54-9A1E7A4F7556}") = "MotorDeCalculo", "MotorDeCalculo\MotorDeCalculo\MotorDeCalculo.csproj", "{20A2E9CD-C006-4474-870F-1AFA6B16E4F2}"
EndProject
Global
	GlobalSection(SolutionConfigurationPlatforms) = preSolution
		Debug|Any CPU = Debug|Any CPU
		Release|Any CPU = Release|Any CPU
	EndGlobalSection
	GlobalSection(ProjectConfigurationPlatforms) = postSolution
		{7876622B-1E5D-44A5-91A5-AE1B6E9591EA}.Debug|Any CPU.ActiveCfg = Debug|Any CPU
		{7876622B-1E5D-44A5-91A5-AE1B6E9591EA}.Debug|Any CPU.Build.0 = Debug|Any CPU
		{7876622B-1E5D-44A5-91A5-AE1B6E9591EA}.Release|Any CPU.ActiveCfg = Release|Any CPU
		{7876622B-1E5D-44A5-91A5-AE1B6E9591EA}.Release|Any CPU.Build.0 = Release|Any CPU
		{20A2E9CD-C006-4474-870F-1AFA6B16E4F2}.Debug|Any CPU.ActiveCfg = Debug|Any CPU
		{20A2E9CD-C006-4474-870F-1AFA6B16E4F2}.Debug|Any CPU.Build.0 = Debug|Any CPU
		{20A2E9CD-C006-4474-870F-1AFA6B16E4F2}.Release|Any CPU.ActiveCfg = Release|Any CPU
		{20A2E9CD-C006-4474-870F-1AFA6B16E4F2}.Release|Any CPU.Build.0 = Release|Any CPU
	EndGlobalSection
	GlobalSection(SolutionProperties) = preSolution
		HideSolutionNode = FALSE
	EndGlobalSection
	GlobalSection(ExtensibilityGlobals) = postSolution
		SolutionGuid = {BE75A5F6-A621-40DC-9297-C77785E713BD}
	EndGlobalSection
EndGlobal
